
Microsoft Visual Studio Solution File, Format Version 12.00
# Visual Studio Version 16
VisualStudioVersion = 16.0.30611.23
MinimumVisualStudioVersion = 10.0.40219.1
Project("{9A19103F-16F7-4668-BE54-9A1E7A4F7556}") = "OWuffel", "OWuffel.csproj", "{AB1D24FC-6310-429A-9ED9-3FA7007F2671}"
EndProject
Project("{9A19103F-16F7-4668-BE54-9A1E7A4F7556}") = "OWuffel.Dashboard", "..\OWuffel.Dashboard\OWuffel.Dashboard.csproj", "{A18ACCFE-2687-4DCE-BD3B-1E8BE371F3AB}"
EndProject
Project("{FAE04EC0-301F-11D3-BF4B-00C04F79EFBC}") = "OWuffel.Startup", "..\OWuffel.Startup\OWuffel.Startup.csproj", "{A4D30BDA-FA68-49AB-9798-2B822577EB0C}"
EndProject
Project("{9A19103F-16F7-4668-BE54-9A1E7A4F7556}") = "OWuffel.Dashboard.Razor", "..\OWuffel.Dashboard.Razor\OWuffel.Dashboard.Razor.csproj", "{C93E984C-458E-4FA7-9BED-B50ED903037E}"
EndProject
Global
	GlobalSection(SolutionConfigurationPlatforms) = preSolution
		Debug|Any CPU = Debug|Any CPU
		Release|Any CPU = Release|Any CPU
	EndGlobalSection
	GlobalSection(ProjectConfigurationPlatforms) = postSolution
		{AB1D24FC-6310-429A-9ED9-3FA7007F2671}.Debug|Any CPU.ActiveCfg = Debug|Any CPU
		{AB1D24FC-6310-429A-9ED9-3FA7007F2671}.Debug|Any CPU.Build.0 = Debug|Any CPU
		{AB1D24FC-6310-429A-9ED9-3FA7007F2671}.Release|Any CPU.ActiveCfg = Release|Any CPU
		{AB1D24FC-6310-429A-9ED9-3FA7007F2671}.Release|Any CPU.Build.0 = Release|Any CPU
		{A18ACCFE-2687-4DCE-BD3B-1E8BE371F3AB}.Debug|Any CPU.ActiveCfg = Debug|Any CPU
		{A18ACCFE-2687-4DCE-BD3B-1E8BE371F3AB}.Debug|Any CPU.Build.0 = Debug|Any CPU
		{A18ACCFE-2687-4DCE-BD3B-1E8BE371F3AB}.Release|Any CPU.ActiveCfg = Release|Any CPU
		{A18ACCFE-2687-4DCE-BD3B-1E8BE371F3AB}.Release|Any CPU.Build.0 = Release|Any CPU
		{A4D30BDA-FA68-49AB-9798-2B822577EB0C}.Debug|Any CPU.ActiveCfg = Debug|Any CPU
		{A4D30BDA-FA68-49AB-9798-2B822577EB0C}.Debug|Any CPU.Build.0 = Debug|Any CPU
		{A4D30BDA-FA68-49AB-9798-2B822577EB0C}.Release|Any CPU.ActiveCfg = Release|Any CPU
		{A4D30BDA-FA68-49AB-9798-2B822577EB0C}.Release|Any CPU.Build.0 = Release|Any CPU
		{C93E984C-458E-4FA7-9BED-B50ED903037E}.Debug|Any CPU.ActiveCfg = Debug|Any CPU
		{C93E984C-458E-4FA7-9BED-B50ED903037E}.Debug|Any CPU.Build.0 = Debug|Any CPU
		{C93E984C-458E-4FA7-9BED-B50ED903037E}.Release|Any CPU.ActiveCfg = Release|Any CPU
		{C93E984C-458E-4FA7-9BED-B50ED903037E}.Release|Any CPU.Build.0 = Release|Any CPU
	EndGlobalSection
	GlobalSection(SolutionProperties) = preSolution
		HideSolutionNode = FALSE
	EndGlobalSection
	GlobalSection(ExtensibilityGlobals) = postSolution
		SolutionGuid = {834E144C-18E1-4BDB-A325-29CE841179D9}
	EndGlobalSection
EndGlobal
