
Microsoft Visual Studio Solution File, Format Version 12.00
# Visual Studio Version 16
VisualStudioVersion = 16.0.30611.23
MinimumVisualStudioVersion = 10.0.40219.1
Project("{9A19103F-16F7-4668-BE54-9A1E7A4F7556}") = "OWuffel", "OWuffel.csproj", "{AB1D24FC-6310-429A-9ED9-3FA7007F2671}"
EndProject
Global
	GlobalSection(SolutionConfigurationPlatforms) = preSolution
		Debug|Any CPU = Debug|Any CPU
		Release|Any CPU = Release|Any CPU
	EndGlobalSection
	GlobalSection(ProjectConfigurationPlatforms) = postSolution
		{AB1D24FC-6310-429A-9ED9-3FA7007F2671}.Debug|Any CPU.ActiveCfg = Debug|Any CPU
		{AB1D24FC-6310-429A-9ED9-3FA7007F2671}.Debug|Any CPU.Build.0 = Debug|Any CPU
		{AB1D24FC-6310-429A-9ED9-3FA7007F2671}.Release|Any CPU.ActiveCfg = Release|Any CPU
		{AB1D24FC-6310-429A-9ED9-3FA7007F2671}.Release|Any CPU.Build.0 = Release|Any CPU
	EndGlobalSection
	GlobalSection(SolutionProperties) = preSolution
		HideSolutionNode = FALSE
	EndGlobalSection
	GlobalSection(ExtensibilityGlobals) = postSolution
		SolutionGuid = {834E144C-18E1-4BDB-A325-29CE841179D9}
	EndGlobalSection
EndGlobal
